
Microsoft Visual Studio Solution File, Format Version 12.00
# Visual Studio Version 16
VisualStudioVersion = 16.0.30517.126
MinimumVisualStudioVersion = 10.0.40219.1
Project("{FAE04EC0-301F-11D3-BF4B-00C04F79EFBC}") = "Visual_project", "Visual_project\Visual_project.csproj", "{2713736A-E8F1-4071-9E71-920F825607B1}"
EndProject
Global
	GlobalSection(SolutionConfigurationPlatforms) = preSolution
		Debug|Any CPU = Debug|Any CPU
		Release|Any CPU = Release|Any CPU
	EndGlobalSection
	GlobalSection(ProjectConfigurationPlatforms) = postSolution
		{2713736A-E8F1-4071-9E71-920F825607B1}.Debug|Any CPU.ActiveCfg = Debug|Any CPU
		{2713736A-E8F1-4071-9E71-920F825607B1}.Debug|Any CPU.Build.0 = Debug|Any CPU
		{2713736A-E8F1-4071-9E71-920F825607B1}.Release|Any CPU.ActiveCfg = Release|Any CPU
		{2713736A-E8F1-4071-9E71-920F825607B1}.Release|Any CPU.Build.0 = Release|Any CPU
	EndGlobalSection
	GlobalSection(SolutionProperties) = preSolution
		HideSolutionNode = FALSE
	EndGlobalSection
	GlobalSection(ExtensibilityGlobals) = postSolution
		SolutionGuid = {9DB42709-1086-4DC1-A5EE-24A96F8BDCE4}
	EndGlobalSection
EndGlobal
